// !$*UTF8*$!
{
	archiveVersion = 1;
	classes = {
	};
	objectVersion = 55;
	objects = {

/* Begin PBXBuildFile section */
		CC0477D027ABD2F1005052FB /* AppDelegate.swift in Sources */ = {isa = PBXBuildFile; fileRef = CC0477CF27ABD2F1005052FB /* AppDelegate.swift */; };
		CC0477D227ABD2F1005052FB /* SceneDelegate.swift in Sources */ = {isa = PBXBuildFile; fileRef = CC0477D127ABD2F1005052FB /* SceneDelegate.swift */; };
		CC0477D427ABD2F1005052FB /* ViewController.swift in Sources */ = {isa = PBXBuildFile; fileRef = CC0477D327ABD2F1005052FB /* ViewController.swift */; };
		CC0477D727ABD2F1005052FB /* Main.storyboard in Resources */ = {isa = PBXBuildFile; fileRef = CC0477D527ABD2F1005052FB /* Main.storyboard */; };
		CC0477D927ABD2F1005052FB /* Assets.xcassets in Resources */ = {isa = PBXBuildFile; fileRef = CC0477D827ABD2F1005052FB /* Assets.xcassets */; };
		CC0477DC27ABD2F1005052FB /* LaunchScreen.storyboard in Resources */ = {isa = PBXBuildFile; fileRef = CC0477DA27ABD2F1005052FB /* LaunchScreen.storyboard */; };
		CC0477E727ABDAFF005052FB /* Question.swift in Sources */ = {isa = PBXBuildFile; fileRef = CC0477E627ABDAFF005052FB /* Question.swift */; };
		CC0477E927ABDB28005052FB /* QuizBrain.swift in Sources */ = {isa = PBXBuildFile; fileRef = CC0477E827ABDB28005052FB /* QuizBrain.swift */; };
/* End PBXBuildFile section */

/* Begin PBXFileReference section */
		CC0477CC27ABD2F1005052FB /* Quizzler App 2.app */ = {isa = PBXFileReference; explicitFileType = wrapper.application; includeInIndex = 0; path = "Quizzler App 2.app"; sourceTree = BUILT_PRODUCTS_DIR; };
		CC0477CF27ABD2F1005052FB /* AppDelegate.swift */ = {isa = PBXFileReference; lastKnownFileType = sourcecode.swift; path = AppDelegate.swift; sourceTree = "<group>"; };
		CC0477D127ABD2F1005052FB /* SceneDelegate.swift */ = {isa = PBXFileReference; lastKnownFileType = sourcecode.swift; path = SceneDelegate.swift; sourceTree = "<group>"; };
		CC0477D327ABD2F1005052FB /* ViewController.swift */ = {isa = PBXFileReference; lastKnownFileType = sourcecode.swift; path = ViewController.swift; sourceTree = "<group>"; };
		CC0477D627ABD2F1005052FB /* Base */ = {isa = PBXFileReference; lastKnownFileType = file.storyboard; name = Base; path = Base.lproj/Main.storyboard; sourceTree = "<group>"; };
		CC0477D827ABD2F1005052FB /* Assets.xcassets */ = {isa = PBXFileReference; lastKnownFileType = folder.assetcatalog; path = Assets.xcassets; sourceTree = "<group>"; };
		CC0477DB27ABD2F1005052FB /* Base */ = {isa = PBXFileReference; lastKnownFileType = file.storyboard; name = Base; path = Base.lproj/LaunchScreen.storyboard; sourceTree = "<group>"; };
		CC0477DD27ABD2F1005052FB /* Info.plist */ = {isa = PBXFileReference; lastKnownFileType = text.plist.xml; path = Info.plist; sourceTree = "<group>"; };
		CC0477E627ABDAFF005052FB /* Question.swift */ = {isa = PBXFileReference; lastKnownFileType = sourcecode.swift; path = Question.swift; sourceTree = "<group>"; };
		CC0477E827ABDB28005052FB /* QuizBrain.swift */ = {isa = PBXFileReference; lastKnownFileType = sourcecode.swift; path = QuizBrain.swift; sourceTree = "<group>"; };
/* End PBXFileReference section */

/* Begin PBXFrameworksBuildPhase section */
		CC0477C927ABD2F1005052FB /* Frameworks */ = {
			isa = PBXFrameworksBuildPhase;
			buildActionMask = 2147483647;
			files = (
			);
			runOnlyForDeploymentPostprocessing = 0;
		};
/* End PBXFrameworksBuildPhase section */

/* Begin PBXGroup section */
		CC0477C327ABD2F0005052FB = {
			isa = PBXGroup;
			children = (
				CC0477CE27ABD2F1005052FB /* Quizzler App 2 */,
				CC0477CD27ABD2F1005052FB /* Products */,
			);
			sourceTree = "<group>";
		};
		CC0477CD27ABD2F1005052FB /* Products */ = {
			isa = PBXGroup;
			children = (
				CC0477CC27ABD2F1005052FB /* Quizzler App 2.app */,
			);
			name = Products;
			sourceTree = "<group>";
		};
		CC0477CE27ABD2F1005052FB /* Quizzler App 2 */ = {
			isa = PBXGroup;
			children = (
				CC0477CF27ABD2F1005052FB /* AppDelegate.swift */,
				CC0477D127ABD2F1005052FB /* SceneDelegate.swift */,
				CC0477E527ABDA46005052FB /* Model */,
				CC0477E427ABDA3D005052FB /* View */,
				CC0477E327ABDA23005052FB /* Controller */,
				CC0477D827ABD2F1005052FB /* Assets.xcassets */,
				CC0477DA27ABD2F1005052FB /* LaunchScreen.storyboard */,
				CC0477DD27ABD2F1005052FB /* Info.plist */,
			);
			path = "Quizzler App 2";
			sourceTree = "<group>";
		};
		CC0477E327ABDA23005052FB /* Controller */ = {
			isa = PBXGroup;
			children = (
				CC0477D327ABD2F1005052FB /* ViewController.swift */,
			);
			path = Controller;
			sourceTree = "<group>";
		};
		CC0477E427ABDA3D005052FB /* View */ = {
			isa = PBXGroup;
			children = (
				CC0477D527ABD2F1005052FB /* Main.storyboard */,
			);
			path = View;
			sourceTree = "<group>";
		};
		CC0477E527ABDA46005052FB /* Model */ = {
			isa = PBXGroup;
			children = (
				CC0477E627ABDAFF005052FB /* Question.swift */,
				CC0477E827ABDB28005052FB /* QuizBrain.swift */,
			);
			path = Model;
			sourceTree = "<group>";
		};
/* End PBXGroup section */

/* Begin PBXNativeTarget section */
		CC0477CB27ABD2F1005052FB /* Quizzler App 2 */ = {
			isa = PBXNativeTarget;
			buildConfigurationList = CC0477E027ABD2F1005052FB /* Build configuration list for PBXNativeTarget "Quizzler App 2" */;
			buildPhases = (
				CC0477C827ABD2F1005052FB /* Sources */,
				CC0477C927ABD2F1005052FB /* Frameworks */,
				CC0477CA27ABD2F1005052FB /* Resources */,
			);
			buildRules = (
			);
			dependencies = (
			);
			name = "Quizzler App 2";
			productName = "Quizzler App 2";
			productReference = CC0477CC27ABD2F1005052FB /* Quizzler App 2.app */;
			productType = "com.apple.product-type.application";
		};
/* End PBXNativeTarget section */

/* Begin PBXProject section */
		CC0477C427ABD2F0005052FB /* Project object */ = {
			isa = PBXProject;
			attributes = {
				BuildIndependentTargetsInParallel = 1;
				LastSwiftUpdateCheck = 1320;
				LastUpgradeCheck = 1320;
				TargetAttributes = {
					CC0477CB27ABD2F1005052FB = {
						CreatedOnToolsVersion = 13.2.1;
					};
				};
			};
			buildConfigurationList = CC0477C727ABD2F0005052FB /* Build configuration list for PBXProject "Quizzler App 2" */;
			compatibilityVersion = "Xcode 13.0";
			developmentRegion = en;
			hasScannedForEncodings = 0;
			knownRegions = (
				en,
				Base,
			);
			mainGroup = CC0477C327ABD2F0005052FB;
			productRefGroup = CC0477CD27ABD2F1005052FB /* Products */;
			projectDirPath = "";
			projectRoot = "";
			targets = (
				CC0477CB27ABD2F1005052FB /* Quizzler App 2 */,
			);
		};
/* End PBXProject section */

/* Begin PBXResourcesBuildPhase section */
		CC0477CA27ABD2F1005052FB /* Resources */ = {
			isa = PBXResourcesBuildPhase;
			buildActionMask = 2147483647;
			files = (
				CC0477DC27ABD2F1005052FB /* LaunchScreen.storyboard in Resources */,
				CC0477D927ABD2F1005052FB /* Assets.xcassets in Resources */,
				CC0477D727ABD2F1005052FB /* Main.storyboard in Resources */,
			);
			runOnlyForDeploymentPostprocessing = 0;
		};
/* End PBXResourcesBuildPhase section */

/* Begin PBXSourcesBuildPhase section */
		CC0477C827ABD2F1005052FB /* Sources */ = {
			isa = PBXSourcesBuildPhase;
			buildActionMask = 2147483647;
			files = (
				CC0477E927ABDB28005052FB /* QuizBrain.swift in Sources */,
				CC0477D427ABD2F1005052FB /* ViewController.swift in Sources */,
				CC0477E727ABDAFF005052FB /* Question.swift in Sources */,
				CC0477D027ABD2F1005052FB /* AppDelegate.swift in Sources */,
				CC0477D227ABD2F1005052FB /* SceneDelegate.swift in Sources */,
			);
			runOnlyForDeploymentPostprocessing = 0;
		};
/* End PBXSourcesBuildPhase section */

/* Begin PBXVariantGroup section */
		CC0477D527ABD2F1005052FB /* Main.storyboard */ = {
			isa = PBXVariantGroup;
			children = (
				CC0477D627ABD2F1005052FB /* Base */,
			);
			name = Main.storyboard;
			sourceTree = "<group>";
		};
		CC0477DA27ABD2F1005052FB /* LaunchScreen.storyboard */ = {
			isa = PBXVariantGroup;
			children = (
				CC0477DB27ABD2F1005052FB /* Base */,
			);
			name = LaunchScreen.storyboard;
			sourceTree = "<group>";
		};
/* End PBXVariantGroup section */

/* Begin XCBuildConfiguration section */
		CC0477DE27ABD2F1005052FB /* Debug */ = {
			isa = XCBuildConfiguration;
			buildSettings = {
				ALWAYS_SEARCH_USER_PATHS = NO;
				CLANG_ANALYZER_NONNULL = YES;
				CLANG_ANALYZER_NUMBER_OBJECT_CONVERSION = YES_AGGRESSIVE;
				CLANG_CXX_LANGUAGE_STANDARD = "gnu++17";
				CLANG_CXX_LIBRARY = "libc++";
				CLANG_ENABLE_MODULES = YES;
				CLANG_ENABLE_OBJC_ARC = YES;
				CLANG_ENABLE_OBJC_WEAK = YES;
				CLANG_WARN_BLOCK_CAPTURE_AUTORELEASING = YES;
				CLANG_WARN_BOOL_CONVERSION = YES;
				CLANG_WARN_COMMA = YES;
				CLANG_WARN_CONSTANT_CONVERSION = YES;
				CLANG_WARN_DEPRECATED_OBJC_IMPLEMENTATIONS = YES;
				CLANG_WARN_DIRECT_OBJC_ISA_USAGE = YES_ERROR;
				CLANG_WARN_DOCUMENTATION_COMMENTS = YES;
				CLANG_WARN_EMPTY_BODY = YES;
				CLANG_WARN_ENUM_CONVERSION = YES;
				CLANG_WARN_INFINITE_RECURSION = YES;
				CLANG_WARN_INT_CONVERSION = YES;
				CLANG_WARN_NON_LITERAL_NULL_CONVERSION = YES;
				CLANG_WARN_OBJC_IMPLICIT_RETAIN_SELF = YES;
				CLANG_WARN_OBJC_LITERAL_CONVERSION = YES;
				CLANG_WARN_OBJC_ROOT_CLASS = YES_ERROR;
				CLANG_WARN_QUOTED_INCLUDE_IN_FRAMEWORK_HEADER = YES;
				CLANG_WARN_RANGE_LOOP_ANALYSIS = YES;
				CLANG_WARN_STRICT_PROTOTYPES = YES;
				CLANG_WARN_SUSPICIOUS_MOVE = YES;
				CLANG_WARN_UNGUARDED_AVAILABILITY = YES_AGGRESSIVE;
				CLANG_WARN_UNREACHABLE_CODE = YES;
				CLANG_WARN__DUPLICATE_METHOD_MATCH = YES;
				COPY_PHASE_STRIP = NO;
				DEBUG_INFORMATION_FORMAT = dwarf;
				ENABLE_STRICT_OBJC_MSGSEND = YES;
				ENABLE_TESTABILITY = YES;
				GCC_C_LANGUAGE_STANDARD = gnu11;
				GCC_DYNAMIC_NO_PIC = NO;
				GCC_NO_COMMON_BLOCKS = YES;
				GCC_OPTIMIZATION_LEVEL = 0;
				GCC_PREPROCESSOR_DEFINITIONS = (
					"DEBUG=1",
					"$(inherited)",
				);
				GCC_WARN_64_TO_32_BIT_CONVERSION = YES;
				GCC_WARN_ABOUT_RETURN_TYPE = YES_ERROR;
				GCC_WARN_UNDECLARED_SELECTOR = YES;
				GCC_WARN_UNINITIALIZED_AUTOS = YES_AGGRESSIVE;
				GCC_WARN_UNUSED_FUNCTION = YES;
				GCC_WARN_UNUSED_VARIABLE = YES;
				IPHONEOS_DEPLOYMENT_TARGET = 15.2;
				MTL_ENABLE_DEBUG_INFO = INCLUDE_SOURCE;
				MTL_FAST_MATH = YES;
				ONLY_ACTIVE_ARCH = YES;
				SDKROOT = iphoneos;
				SWIFT_ACTIVE_COMPILATION_CONDITIONS = DEBUG;
				SWIFT_OPTIMIZATION_LEVEL = "-Onone";
			};
			name = Debug;
		};
		CC0477DF27ABD2F1005052FB /* Release */ = {
			isa = XCBuildConfiguration;
			buildSettings = {
				ALWAYS_SEARCH_USER_PATHS = NO;
				CLANG_ANALYZER_NONNULL = YES;
				CLANG_ANALYZER_NUMBER_OBJECT_CONVERSION = YES_AGGRESSIVE;
				CLANG_CXX_LANGUAGE_STANDARD = "gnu++17";
				CLANG_CXX_LIBRARY = "libc++";
				CLANG_ENABLE_MODULES = YES;
				CLANG_ENABLE_OBJC_ARC = YES;
				CLANG_ENABLE_OBJC_WEAK = YES;
				CLANG_WARN_BLOCK_CAPTURE_AUTORELEASING = YES;
				CLANG_WARN_BOOL_CONVERSION = YES;
				CLANG_WARN_COMMA = YES;
				CLANG_WARN_CONSTANT_CONVERSION = YES;
				CLANG_WARN_DEPRECATED_OBJC_IMPLEMENTATIONS = YES;
				CLANG_WARN_DIRECT_OBJC_ISA_USAGE = YES_ERROR;
				CLANG_WARN_DOCUMENTATION_COMMENTS = YES;
				CLANG_WARN_EMPTY_BODY = YES;
				CLANG_WARN_ENUM_CONVERSION = YES;
				CLANG_WARN_INFINITE_RECURSION = YES;
				CLANG_WARN_INT_CONVERSION = YES;
				CLANG_WARN_NON_LITERAL_NULL_CONVERSION = YES;
				CLANG_WARN_OBJC_IMPLICIT_RETAIN_SELF = YES;
				CLANG_WARN_OBJC_LITERAL_CONVERSION = YES;
				CLANG_WARN_OBJC_ROOT_CLASS = YES_ERROR;
				CLANG_WARN_QUOTED_INCLUDE_IN_FRAMEWORK_HEADER = YES;
				CLANG_WARN_RANGE_LOOP_ANALYSIS = YES;
				CLANG_WARN_STRICT_PROTOTYPES = YES;
				CLANG_WARN_SUSPICIOUS_MOVE = YES;
				CLANG_WARN_UNGUARDED_AVAILABILITY = YES_AGGRESSIVE;
				CLANG_WARN_UNREACHABLE_CODE = YES;
				CLANG_WARN__DUPLICATE_METHOD_MATCH = YES;
				COPY_PHASE_STRIP = NO;
				DEBUG_INFORMATION_FORMAT = "dwarf-with-dsym";
				ENABLE_NS_ASSERTIONS = NO;
				ENABLE_STRICT_OBJC_MSGSEND = YES;
				GCC_C_LANGUAGE_STANDARD = gnu11;
				GCC_NO_COMMON_BLOCKS = YES;
				GCC_WARN_64_TO_32_BIT_CONVERSION = YES;
				GCC_WARN_ABOUT_RETURN_TYPE = YES_ERROR;
				GCC_WARN_UNDECLARED_SELECTOR = YES;
				GCC_WARN_UNINITIALIZED_AUTOS = YES_AGGRESSIVE;
				GCC_WARN_UNUSED_FUNCTION = YES;
				GCC_WARN_UNUSED_VARIABLE = YES;
				IPHONEOS_DEPLOYMENT_TARGET = 15.2;
				MTL_ENABLE_DEBUG_INFO = NO;
				MTL_FAST_MATH = YES;
				SDKROOT = iphoneos;
				SWIFT_COMPILATION_MODE = wholemodule;
				SWIFT_OPTIMIZATION_LEVEL = "-O";
				VALIDATE_PRODUCT = YES;
			};
			name = Release;
		};
		CC0477E127ABD2F1005052FB /* Debug */ = {
			isa = XCBuildConfiguration;
			buildSettings = {
				ASSETCATALOG_COMPILER_APPICON_NAME = AppIcon;
				ASSETCATALOG_COMPILER_GLOBAL_ACCENT_COLOR_NAME = AccentColor;
				CODE_SIGN_STYLE = Automatic;
				CURRENT_PROJECT_VERSION = 1;
				DEVELOPMENT_TEAM = N5UCU7JJTZ;
				GENERATE_INFOPLIST_FILE = YES;
				INFOPLIST_FILE = "Quizzler App 2/Info.plist";
				INFOPLIST_KEY_UIApplicationSupportsIndirectInputEvents = YES;
				INFOPLIST_KEY_UILaunchStoryboardName = LaunchScreen;
				INFOPLIST_KEY_UIMainStoryboardFile = Main;
				INFOPLIST_KEY_UISupportedInterfaceOrientations_iPad = "UIInterfaceOrientationPortrait UIInterfaceOrientationPortraitUpsideDown UIInterfaceOrientationLandscapeLeft UIInterfaceOrientationLandscapeRight";
				INFOPLIST_KEY_UISupportedInterfaceOrientations_iPhone = "UIInterfaceOrientationPortrait UIInterfaceOrientationLandscapeLeft UIInterfaceOrientationLandscapeRight";
				LD_RUNPATH_SEARCH_PATHS = (
					"$(inherited)",
					"@executable_path/Frameworks",
				);
				MARKETING_VERSION = 1.0;
				PRODUCT_BUNDLE_IDENTIFIER = "com.gospodi.Quizzler-App-2";
				PRODUCT_NAME = "$(TARGET_NAME)";
				SWIFT_EMIT_LOC_STRINGS = YES;
				SWIFT_VERSION = 5.0;
				TARGETED_DEVICE_FAMILY = "1,2";
			};
			name = Debug;
		};
		CC0477E227ABD2F1005052FB /* Release */ = {
			isa = XCBuildConfiguration;
			buildSettings = {
				ASSETCATALOG_COMPILER_APPICON_NAME = AppIcon;
				ASSETCATALOG_COMPILER_GLOBAL_ACCENT_COLOR_NAME = AccentColor;
				CODE_SIGN_STYLE = Automatic;
				CURRENT_PROJECT_VERSION = 1;
				DEVELOPMENT_TEAM = N5UCU7JJTZ;
				GENERATE_INFOPLIST_FILE = YES;
				INFOPLIST_FILE = "Quizzler App 2/Info.plist";
				INFOPLIST_KEY_UIApplicationSupportsIndirectInputEvents = YES;
				INFOPLIST_KEY_UILaunchStoryboardName = LaunchScreen;
				INFOPLIST_KEY_UIMainStoryboardFile = Main;
				INFOPLIST_KEY_UISupportedInterfaceOrientations_iPad = "UIInterfaceOrientationPortrait UIInterfaceOrientationPortraitUpsideDown UIInterfaceOrientationLandscapeLeft UIInterfaceOrientationLandscapeRight";
				INFOPLIST_KEY_UISupportedInterfaceOrientations_iPhone = "UIInterfaceOrientationPortrait UIInterfaceOrientationLandscapeLeft UIInterfaceOrientationLandscapeRight";
				LD_RUNPATH_SEARCH_PATHS = (
					"$(inherited)",
					"@executable_path/Frameworks",
				);
				MARKETING_VERSION = 1.0;
				PRODUCT_BUNDLE_IDENTIFIER = "com.gospodi.Quizzler-App-2";
				PRODUCT_NAME = "$(TARGET_NAME)";
				SWIFT_EMIT_LOC_STRINGS = YES;
				SWIFT_VERSION = 5.0;
				TARGETED_DEVICE_FAMILY = "1,2";
			};
			name = Release;
		};
/* End XCBuildConfiguration section */

/* Begin XCConfigurationList section */
		CC0477C727ABD2F0005052FB /* Build configuration list for PBXProject "Quizzler App 2" */ = {
			isa = XCConfigurationList;
			buildConfigurations = (
				CC0477DE27ABD2F1005052FB /* Debug */,
				CC0477DF27ABD2F1005052FB /* Release */,
			);
			defaultConfigurationIsVisible = 0;
			defaultConfigurationName = Release;
		};
		CC0477E027ABD2F1005052FB /* Build configuration list for PBXNativeTarget "Quizzler App 2" */ = {
			isa = XCConfigurationList;
			buildConfigurations = (
				CC0477E127ABD2F1005052FB /* Debug */,
				CC0477E227ABD2F1005052FB /* Release */,
			);
			defaultConfigurationIsVisible = 0;
			defaultConfigurationName = Release;
		};
/* End XCConfigurationList section */
	};
	rootObject = CC0477C427ABD2F0005052FB /* Project object */;
}
